// !$*UTF8*$!
{
	archiveVersion = 1;
	classes = {
	};
	objectVersion = 46;
	objects = {

/* Begin PBXBuildFile section */
		270E6C6319FAC685005994F9 /* main.m in Sources */ = {isa = PBXBuildFile; fileRef = 270E6C6219FAC685005994F9 /* main.m */; };
		270E6C6619FAC685005994F9 /* AppDelegate.m in Sources */ = {isa = PBXBuildFile; fileRef = 270E6C6519FAC685005994F9 /* AppDelegate.m */; };
		270E6C6919FAC685005994F9 /* HomeAndServiceViewController.m in Sources */ = {isa = PBXBuildFile; fileRef = 270E6C6819FAC685005994F9 /* HomeAndServiceViewController.m */; };
		270E6C6C19FAC685005994F9 /* Main.storyboard in Resources */ = {isa = PBXBuildFile; fileRef = 270E6C6A19FAC685005994F9 /* Main.storyboard */; };
		270E6C6E19FAC685005994F9 /* Images.xcassets in Resources */ = {isa = PBXBuildFile; fileRef = 270E6C6D19FAC685005994F9 /* Images.xcassets */; };
		270E6C7119FAC685005994F9 /* LaunchScreen.xib in Resources */ = {isa = PBXBuildFile; fileRef = 270E6C6F19FAC685005994F9 /* LaunchScreen.xib */; };
		270E6C7D19FAC685005994F9 /* Dallas_SuitesTests.m in Sources */ = {isa = PBXBuildFile; fileRef = 270E6C7C19FAC685005994F9 /* Dallas_SuitesTests.m */; };
		270E6C8719FAE677005994F9 /* Default-568h@2x.png in Resources */ = {isa = PBXBuildFile; fileRef = 270E6C8619FAE677005994F9 /* Default-568h@2x.png */; };
		270FFA0F1A26487B0006DD8E /* Fabric.framework in Frameworks */ = {isa = PBXBuildFile; fileRef = 270FFA0E1A26487B0006DD8E /* Fabric.framework */; };
		27201D4B1A0BF97500900E62 /* UserModel.m in Sources */ = {isa = PBXBuildFile; fileRef = 27201D4A1A0BF97500900E62 /* UserModel.m */; };
		2735BFF31A07D65C001BFB8A /* RegisterEditActionTableViewCell.m in Sources */ = {isa = PBXBuildFile; fileRef = 2735BFF21A07D65C001BFB8A /* RegisterEditActionTableViewCell.m */; };
		274ABE101A0ADA910079475B /* Crashlytics.framework in Frameworks */ = {isa = PBXBuildFile; fileRef = 274ABE0F1A0ADA910079475B /* Crashlytics.framework */; };
		2769801619FEE9B3009C5968 /* RoomsViewController.m in Sources */ = {isa = PBXBuildFile; fileRef = 2769801519FEE9B3009C5968 /* RoomsViewController.m */; };
		2769801A19FEEFD1009C5968 /* RoomsTableViewCell.m in Sources */ = {isa = PBXBuildFile; fileRef = 2769801919FEEFD1009C5968 /* RoomsTableViewCell.m */; };
		2769801E19FF0510009C5968 /* RoomDetailViewController.m in Sources */ = {isa = PBXBuildFile; fileRef = 2769801D19FF0510009C5968 /* RoomDetailViewController.m */; };
		2769802519FF0B1A009C5968 /* DropAnimationController.m in Sources */ = {isa = PBXBuildFile; fileRef = 2769802219FF0B1A009C5968 /* DropAnimationController.m */; };
		2769802619FF0B1A009C5968 /* ZoomAnimationController.m in Sources */ = {isa = PBXBuildFile; fileRef = 2769802419FF0B1A009C5968 /* ZoomAnimationController.m */; };
		276E7A5D1A08301B00B72273 /* DatePicker.m in Sources */ = {isa = PBXBuildFile; fileRef = 276E7A5C1A08301B00B72273 /* DatePicker.m */; };
		277307FE1A002623000FC4B1 /* Brandon_bld.otf in Resources */ = {isa = PBXBuildFile; fileRef = 277307F21A002623000FC4B1 /* Brandon_bld.otf */; };
		277307FF1A002623000FC4B1 /* Brandon_med_it.otf in Resources */ = {isa = PBXBuildFile; fileRef = 277307F31A002623000FC4B1 /* Brandon_med_it.otf */; };
		277308001A002623000FC4B1 /* Brandon_thin.otf in Resources */ = {isa = PBXBuildFile; fileRef = 277307F41A002623000FC4B1 /* Brandon_thin.otf */; };
		277308011A002623000FC4B1 /* Brandon_light.otf in Resources */ = {isa = PBXBuildFile; fileRef = 277307F51A002623000FC4B1 /* Brandon_light.otf */; };
		277308021A002623000FC4B1 /* Brandon_blk.otf in Resources */ = {isa = PBXBuildFile; fileRef = 277307F61A002623000FC4B1 /* Brandon_blk.otf */; };
		277308031A002623000FC4B1 /* Brandon_light_it.otf in Resources */ = {isa = PBXBuildFile; fileRef = 277307F71A002623000FC4B1 /* Brandon_light_it.otf */; };
		277308041A002623000FC4B1 /* Brandon_med.otf in Resources */ = {isa = PBXBuildFile; fileRef = 277307F81A002623000FC4B1 /* Brandon_med.otf */; };
		277308051A002623000FC4B1 /* Brandon_reg_it.otf in Resources */ = {isa = PBXBuildFile; fileRef = 277307F91A002623000FC4B1 /* Brandon_reg_it.otf */; };
		277308061A002623000FC4B1 /* Brandon_reg.otf in Resources */ = {isa = PBXBuildFile; fileRef = 277307FA1A002623000FC4B1 /* Brandon_reg.otf */; };
		277308071A002623000FC4B1 /* Brandon_thin_it.otf in Resources */ = {isa = PBXBuildFile; fileRef = 277307FB1A002623000FC4B1 /* Brandon_thin_it.otf */; };
		277308081A002623000FC4B1 /* Brandon_bld_it.otf in Resources */ = {isa = PBXBuildFile; fileRef = 277307FC1A002623000FC4B1 /* Brandon_bld_it.otf */; };
		277308091A002623000FC4B1 /* Brandon_blk_it.otf in Resources */ = {isa = PBXBuildFile; fileRef = 277307FD1A002623000FC4B1 /* Brandon_blk_it.otf */; };
		2773080D1A0029E9000FC4B1 /* RestaurantViewController.m in Sources */ = {isa = PBXBuildFile; fileRef = 2773080C1A0029E9000FC4B1 /* RestaurantViewController.m */; };
		277308111A002F91000FC4B1 /* RestaurantTableViewCell.m in Sources */ = {isa = PBXBuildFile; fileRef = 277308101A002F91000FC4B1 /* RestaurantTableViewCell.m */; };
		277308151A00425F000FC4B1 /* MenuTableViewCell.m in Sources */ = {isa = PBXBuildFile; fileRef = 277308141A00425F000FC4B1 /* MenuTableViewCell.m */; };
		27AD8D181A0CFD17001A17E3 /* RoomModel.m in Sources */ = {isa = PBXBuildFile; fileRef = 27AD8D171A0CFD17001A17E3 /* RoomModel.m */; };
		27AD8D2D1A0D14A5001A17E3 /* AFHTTPRequestOperation.m in Sources */ = {isa = PBXBuildFile; fileRef = 27AD8D1B1A0D14A5001A17E3 /* AFHTTPRequestOperation.m */; };
		27AD8D2E1A0D14A5001A17E3 /* AFHTTPRequestOperationManager.m in Sources */ = {isa = PBXBuildFile; fileRef = 27AD8D1D1A0D14A5001A17E3 /* AFHTTPRequestOperationManager.m */; };
		27AD8D2F1A0D14A5001A17E3 /* AFHTTPSessionManager.m in Sources */ = {isa = PBXBuildFile; fileRef = 27AD8D1F1A0D14A5001A17E3 /* AFHTTPSessionManager.m */; };
		27AD8D301A0D14A5001A17E3 /* AFNetworkReachabilityManager.m in Sources */ = {isa = PBXBuildFile; fileRef = 27AD8D221A0D14A5001A17E3 /* AFNetworkReachabilityManager.m */; };
		27AD8D311A0D14A5001A17E3 /* AFSecurityPolicy.m in Sources */ = {isa = PBXBuildFile; fileRef = 27AD8D241A0D14A5001A17E3 /* AFSecurityPolicy.m */; };
		27AD8D321A0D14A5001A17E3 /* AFURLConnectionOperation.m in Sources */ = {isa = PBXBuildFile; fileRef = 27AD8D261A0D14A5001A17E3 /* AFURLConnectionOperation.m */; };
		27AD8D331A0D14A5001A17E3 /* AFURLRequestSerialization.m in Sources */ = {isa = PBXBuildFile; fileRef = 27AD8D281A0D14A5001A17E3 /* AFURLRequestSerialization.m */; };
		27AD8D341A0D14A5001A17E3 /* AFURLResponseSerialization.m in Sources */ = {isa = PBXBuildFile; fileRef = 27AD8D2A1A0D14A5001A17E3 /* AFURLResponseSerialization.m */; };
		27AD8D351A0D14A5001A17E3 /* AFURLSessionManager.m in Sources */ = {isa = PBXBuildFile; fileRef = 27AD8D2C1A0D14A5001A17E3 /* AFURLSessionManager.m */; };
		27AE73CE1A0419ED009746CF /* NavigationViewController.m in Sources */ = {isa = PBXBuildFile; fileRef = 27AE73CD1A0419ED009746CF /* NavigationViewController.m */; };
		27AE73D31A044CF5009746CF /* ProfileViewController.m in Sources */ = {isa = PBXBuildFile; fileRef = 27AE73D21A044CF5009746CF /* ProfileViewController.m */; };
		27AE73D61A050FF4009746CF /* ProfileTableViewCell.m in Sources */ = {isa = PBXBuildFile; fileRef = 27AE73D51A050FF4009746CF /* ProfileTableViewCell.m */; };
		27AE73DB1A0535BD009746CF /* RegisterEditProfileViewController.m in Sources */ = {isa = PBXBuildFile; fileRef = 27AE73DA1A0535BD009746CF /* RegisterEditProfileViewController.m */; };
		27AE73DE1A053BF9009746CF /* RegisterOrEditTableViewCell.m in Sources */ = {isa = PBXBuildFile; fileRef = 27AE73DD1A053BF9009746CF /* RegisterOrEditTableViewCell.m */; };
		27F6CB6B1A11886400A93B9A /* UserHistoryModel.m in Sources */ = {isa = PBXBuildFile; fileRef = 27F6CB6A1A11886400A93B9A /* UserHistoryModel.m */; };
		27FE6A741A0C4ABD00F320DC /* Foundation.framework in Frameworks */ = {isa = PBXBuildFile; fileRef = 2772B3721A0C4A78008FA875 /* Foundation.framework */; };
		27FE6A751A0C4ABD00F320DC /* UIKit.framework in Frameworks */ = {isa = PBXBuildFile; fileRef = 2772B3701A0C4A72008FA875 /* UIKit.framework */; };
/* End PBXBuildFile section */

/* Begin PBXContainerItemProxy section */
		270E6C7719FAC685005994F9 /* PBXContainerItemProxy */ = {
			isa = PBXContainerItemProxy;
			containerPortal = 270E6C5519FAC685005994F9 /* Project object */;
			proxyType = 1;
			remoteGlobalIDString = 270E6C5C19FAC685005994F9;
			remoteInfo = "Dallas Suites";
		};
/* End PBXContainerItemProxy section */

/* Begin PBXFileReference section */
		270E6C5D19FAC685005994F9 /* Dallas Suites.app */ = {isa = PBXFileReference; explicitFileType = wrapper.application; includeInIndex = 0; path = "Dallas Suites.app"; sourceTree = BUILT_PRODUCTS_DIR; };
		270E6C6119FAC685005994F9 /* Info.plist */ = {isa = PBXFileReference; lastKnownFileType = text.plist.xml; path = Info.plist; sourceTree = "<group>"; };
		270E6C6219FAC685005994F9 /* main.m */ = {isa = PBXFileReference; lastKnownFileType = sourcecode.c.objc; path = main.m; sourceTree = "<group>"; };
		270E6C6419FAC685005994F9 /* AppDelegate.h */ = {isa = PBXFileReference; lastKnownFileType = sourcecode.c.h; path = AppDelegate.h; sourceTree = "<group>"; };
		270E6C6519FAC685005994F9 /* AppDelegate.m */ = {isa = PBXFileReference; lastKnownFileType = sourcecode.c.objc; path = AppDelegate.m; sourceTree = "<group>"; };
		270E6C6719FAC685005994F9 /* HomeAndServiceViewController.h */ = {isa = PBXFileReference; lastKnownFileType = sourcecode.c.h; path = HomeAndServiceViewController.h; sourceTree = "<group>"; };
		270E6C6819FAC685005994F9 /* HomeAndServiceViewController.m */ = {isa = PBXFileReference; lastKnownFileType = sourcecode.c.objc; path = HomeAndServiceViewController.m; sourceTree = "<group>"; };
		270E6C6B19FAC685005994F9 /* Base */ = {isa = PBXFileReference; lastKnownFileType = file.storyboard; name = Base; path = Base.lproj/Main.storyboard; sourceTree = "<group>"; };
		270E6C6D19FAC685005994F9 /* Images.xcassets */ = {isa = PBXFileReference; lastKnownFileType = folder.assetcatalog; path = Images.xcassets; sourceTree = "<group>"; };
		270E6C7019FAC685005994F9 /* Base */ = {isa = PBXFileReference; lastKnownFileType = file.xib; name = Base; path = Base.lproj/LaunchScreen.xib; sourceTree = "<group>"; };
		270E6C7619FAC685005994F9 /* Dallas SuitesTests.xctest */ = {isa = PBXFileReference; explicitFileType = wrapper.cfbundle; includeInIndex = 0; path = "Dallas SuitesTests.xctest"; sourceTree = BUILT_PRODUCTS_DIR; };
		270E6C7B19FAC685005994F9 /* Info.plist */ = {isa = PBXFileReference; lastKnownFileType = text.plist.xml; path = Info.plist; sourceTree = "<group>"; };
		270E6C7C19FAC685005994F9 /* Dallas_SuitesTests.m */ = {isa = PBXFileReference; lastKnownFileType = sourcecode.c.objc; path = Dallas_SuitesTests.m; sourceTree = "<group>"; };
		270E6C8619FAE677005994F9 /* Default-568h@2x.png */ = {isa = PBXFileReference; lastKnownFileType = image.png; path = "Default-568h@2x.png"; sourceTree = "<group>"; };
		270FFA0E1A26487B0006DD8E /* Fabric.framework */ = {isa = PBXFileReference; lastKnownFileType = wrapper.framework; path = Fabric.framework; sourceTree = SOURCE_ROOT; };
		271FADB21A1BD1E8004E0DDA /* systemCheck.h */ = {isa = PBXFileReference; lastKnownFileType = sourcecode.c.h; path = systemCheck.h; sourceTree = "<group>"; };
		27201D491A0BF97500900E62 /* UserModel.h */ = {isa = PBXFileReference; fileEncoding = 4; lastKnownFileType = sourcecode.c.h; path = UserModel.h; sourceTree = "<group>"; };
		27201D4A1A0BF97500900E62 /* UserModel.m */ = {isa = PBXFileReference; fileEncoding = 4; lastKnownFileType = sourcecode.c.objc; path = UserModel.m; sourceTree = "<group>"; };
		2735BFF11A07D65C001BFB8A /* RegisterEditActionTableViewCell.h */ = {isa = PBXFileReference; fileEncoding = 4; lastKnownFileType = sourcecode.c.h; path = RegisterEditActionTableViewCell.h; sourceTree = "<group>"; };
		2735BFF21A07D65C001BFB8A /* RegisterEditActionTableViewCell.m */ = {isa = PBXFileReference; fileEncoding = 4; lastKnownFileType = sourcecode.c.objc; path = RegisterEditActionTableViewCell.m; sourceTree = "<group>"; };
		274ABE0F1A0ADA910079475B /* Crashlytics.framework */ = {isa = PBXFileReference; lastKnownFileType = wrapper.framework; path = Crashlytics.framework; sourceTree = "<group>"; };
		2769801419FEE9B3009C5968 /* RoomsViewController.h */ = {isa = PBXFileReference; fileEncoding = 4; lastKnownFileType = sourcecode.c.h; path = RoomsViewController.h; sourceTree = "<group>"; };
		2769801519FEE9B3009C5968 /* RoomsViewController.m */ = {isa = PBXFileReference; fileEncoding = 4; lastKnownFileType = sourcecode.c.objc; path = RoomsViewController.m; sourceTree = "<group>"; };
		2769801819FEEFD1009C5968 /* RoomsTableViewCell.h */ = {isa = PBXFileReference; fileEncoding = 4; lastKnownFileType = sourcecode.c.h; path = RoomsTableViewCell.h; sourceTree = "<group>"; };
		2769801919FEEFD1009C5968 /* RoomsTableViewCell.m */ = {isa = PBXFileReference; fileEncoding = 4; lastKnownFileType = sourcecode.c.objc; path = RoomsTableViewCell.m; sourceTree = "<group>"; };
		2769801C19FF0510009C5968 /* RoomDetailViewController.h */ = {isa = PBXFileReference; fileEncoding = 4; lastKnownFileType = sourcecode.c.h; path = RoomDetailViewController.h; sourceTree = "<group>"; };
		2769801D19FF0510009C5968 /* RoomDetailViewController.m */ = {isa = PBXFileReference; fileEncoding = 4; lastKnownFileType = sourcecode.c.objc; path = RoomDetailViewController.m; sourceTree = "<group>"; };
		2769802019FF0B1A009C5968 /* ADVAnimationController.h */ = {isa = PBXFileReference; fileEncoding = 4; lastKnownFileType = sourcecode.c.h; path = ADVAnimationController.h; sourceTree = "<group>"; };
		2769802119FF0B1A009C5968 /* DropAnimationController.h */ = {isa = PBXFileReference; fileEncoding = 4; lastKnownFileType = sourcecode.c.h; path = DropAnimationController.h; sourceTree = "<group>"; };
		2769802219FF0B1A009C5968 /* DropAnimationController.m */ = {isa = PBXFileReference; fileEncoding = 4; lastKnownFileType = sourcecode.c.objc; path = DropAnimationController.m; sourceTree = "<group>"; };
		2769802319FF0B1A009C5968 /* ZoomAnimationController.h */ = {isa = PBXFileReference; fileEncoding = 4; lastKnownFileType = sourcecode.c.h; path = ZoomAnimationController.h; sourceTree = "<group>"; };
		2769802419FF0B1A009C5968 /* ZoomAnimationController.m */ = {isa = PBXFileReference; fileEncoding = 4; lastKnownFileType = sourcecode.c.objc; path = ZoomAnimationController.m; sourceTree = "<group>"; };
		276E7A5B1A08301B00B72273 /* DatePicker.h */ = {isa = PBXFileReference; fileEncoding = 4; lastKnownFileType = sourcecode.c.h; path = DatePicker.h; sourceTree = "<group>"; };
		276E7A5C1A08301B00B72273 /* DatePicker.m */ = {isa = PBXFileReference; fileEncoding = 4; lastKnownFileType = sourcecode.c.objc; path = DatePicker.m; sourceTree = "<group>"; };
		2772B3701A0C4A72008FA875 /* UIKit.framework */ = {isa = PBXFileReference; lastKnownFileType = wrapper.framework; name = UIKit.framework; path = System/Library/Frameworks/UIKit.framework; sourceTree = SDKROOT; };
		2772B3721A0C4A78008FA875 /* Foundation.framework */ = {isa = PBXFileReference; lastKnownFileType = wrapper.framework; name = Foundation.framework; path = System/Library/Frameworks/Foundation.framework; sourceTree = SDKROOT; };
		277307F21A002623000FC4B1 /* Brandon_bld.otf */ = {isa = PBXFileReference; lastKnownFileType = file; path = Brandon_bld.otf; sourceTree = "<group>"; };
		277307F31A002623000FC4B1 /* Brandon_med_it.otf */ = {isa = PBXFileReference; lastKnownFileType = file; path = Brandon_med_it.otf; sourceTree = "<group>"; };
		277307F41A002623000FC4B1 /* Brandon_thin.otf */ = {isa = PBXFileReference; lastKnownFileType = file; path = Brandon_thin.otf; sourceTree = "<group>"; };
		277307F51A002623000FC4B1 /* Brandon_light.otf */ = {isa = PBXFileReference; lastKnownFileType = file; path = Brandon_light.otf; sourceTree = "<group>"; };
		277307F61A002623000FC4B1 /* Brandon_blk.otf */ = {isa = PBXFileReference; lastKnownFileType = file; path = Brandon_blk.otf; sourceTree = "<group>"; };
		277307F71A002623000FC4B1 /* Brandon_light_it.otf */ = {isa = PBXFileReference; lastKnownFileType = file; path = Brandon_light_it.otf; sourceTree = "<group>"; };
		277307F81A002623000FC4B1 /* Brandon_med.otf */ = {isa = PBXFileReference; lastKnownFileType = file; path = Brandon_med.otf; sourceTree = "<group>"; };
		277307F91A002623000FC4B1 /* Brandon_reg_it.otf */ = {isa = PBXFileReference; lastKnownFileType = file; path = Brandon_reg_it.otf; sourceTree = "<group>"; };
		277307FA1A002623000FC4B1 /* Brandon_reg.otf */ = {isa = PBXFileReference; lastKnownFileType = file; path = Brandon_reg.otf; sourceTree = "<group>"; };
		277307FB1A002623000FC4B1 /* Brandon_thin_it.otf */ = {isa = PBXFileReference; lastKnownFileType = file; path = Brandon_thin_it.otf; sourceTree = "<group>"; };
		277307FC1A002623000FC4B1 /* Brandon_bld_it.otf */ = {isa = PBXFileReference; lastKnownFileType = file; path = Brandon_bld_it.otf; sourceTree = "<group>"; };
		277307FD1A002623000FC4B1 /* Brandon_blk_it.otf */ = {isa = PBXFileReference; lastKnownFileType = file; path = Brandon_blk_it.otf; sourceTree = "<group>"; };
		2773080B1A0029E9000FC4B1 /* RestaurantViewController.h */ = {isa = PBXFileReference; fileEncoding = 4; lastKnownFileType = sourcecode.c.h; path = RestaurantViewController.h; sourceTree = "<group>"; };
		2773080C1A0029E9000FC4B1 /* RestaurantViewController.m */ = {isa = PBXFileReference; fileEncoding = 4; lastKnownFileType = sourcecode.c.objc; path = RestaurantViewController.m; sourceTree = "<group>"; };
		2773080F1A002F91000FC4B1 /* RestaurantTableViewCell.h */ = {isa = PBXFileReference; fileEncoding = 4; lastKnownFileType = sourcecode.c.h; path = RestaurantTableViewCell.h; sourceTree = "<group>"; };
		277308101A002F91000FC4B1 /* RestaurantTableViewCell.m */ = {isa = PBXFileReference; fileEncoding = 4; lastKnownFileType = sourcecode.c.objc; path = RestaurantTableViewCell.m; sourceTree = "<group>"; };
		277308131A00425F000FC4B1 /* MenuTableViewCell.h */ = {isa = PBXFileReference; fileEncoding = 4; lastKnownFileType = sourcecode.c.h; path = MenuTableViewCell.h; sourceTree = "<group>"; };
		277308141A00425F000FC4B1 /* MenuTableViewCell.m */ = {isa = PBXFileReference; fileEncoding = 4; lastKnownFileType = sourcecode.c.objc; path = MenuTableViewCell.m; sourceTree = "<group>"; };
		27AD8D161A0CFD17001A17E3 /* RoomModel.h */ = {isa = PBXFileReference; fileEncoding = 4; lastKnownFileType = sourcecode.c.h; path = RoomModel.h; sourceTree = "<group>"; };
		27AD8D171A0CFD17001A17E3 /* RoomModel.m */ = {isa = PBXFileReference; fileEncoding = 4; lastKnownFileType = sourcecode.c.objc; path = RoomModel.m; sourceTree = "<group>"; };
		27AD8D1A1A0D14A5001A17E3 /* AFHTTPRequestOperation.h */ = {isa = PBXFileReference; fileEncoding = 4; lastKnownFileType = sourcecode.c.h; path = AFHTTPRequestOperation.h; sourceTree = "<group>"; };
		27AD8D1B1A0D14A5001A17E3 /* AFHTTPRequestOperation.m */ = {isa = PBXFileReference; fileEncoding = 4; lastKnownFileType = sourcecode.c.objc; path = AFHTTPRequestOperation.m; sourceTree = "<group>"; };
		27AD8D1C1A0D14A5001A17E3 /* AFHTTPRequestOperationManager.h */ = {isa = PBXFileReference; fileEncoding = 4; lastKnownFileType = sourcecode.c.h; path = AFHTTPRequestOperationManager.h; sourceTree = "<group>"; };
		27AD8D1D1A0D14A5001A17E3 /* AFHTTPRequestOperationManager.m */ = {isa = PBXFileReference; fileEncoding = 4; lastKnownFileType = sourcecode.c.objc; path = AFHTTPRequestOperationManager.m; sourceTree = "<group>"; };
		27AD8D1E1A0D14A5001A17E3 /* AFHTTPSessionManager.h */ = {isa = PBXFileReference; fileEncoding = 4; lastKnownFileType = sourcecode.c.h; path = AFHTTPSessionManager.h; sourceTree = "<group>"; };
		27AD8D1F1A0D14A5001A17E3 /* AFHTTPSessionManager.m */ = {isa = PBXFileReference; fileEncoding = 4; lastKnownFileType = sourcecode.c.objc; path = AFHTTPSessionManager.m; sourceTree = "<group>"; };
		27AD8D201A0D14A5001A17E3 /* AFNetworking.h */ = {isa = PBXFileReference; fileEncoding = 4; lastKnownFileType = sourcecode.c.h; path = AFNetworking.h; sourceTree = "<group>"; };
		27AD8D211A0D14A5001A17E3 /* AFNetworkReachabilityManager.h */ = {isa = PBXFileReference; fileEncoding = 4; lastKnownFileType = sourcecode.c.h; path = AFNetworkReachabilityManager.h; sourceTree = "<group>"; };
		27AD8D221A0D14A5001A17E3 /* AFNetworkReachabilityManager.m */ = {isa = PBXFileReference; fileEncoding = 4; lastKnownFileType = sourcecode.c.objc; path = AFNetworkReachabilityManager.m; sourceTree = "<group>"; };
		27AD8D231A0D14A5001A17E3 /* AFSecurityPolicy.h */ = {isa = PBXFileReference; fileEncoding = 4; lastKnownFileType = sourcecode.c.h; path = AFSecurityPolicy.h; sourceTree = "<group>"; };
		27AD8D241A0D14A5001A17E3 /* AFSecurityPolicy.m */ = {isa = PBXFileReference; fileEncoding = 4; lastKnownFileType = sourcecode.c.objc; path = AFSecurityPolicy.m; sourceTree = "<group>"; };
		27AD8D251A0D14A5001A17E3 /* AFURLConnectionOperation.h */ = {isa = PBXFileReference; fileEncoding = 4; lastKnownFileType = sourcecode.c.h; path = AFURLConnectionOperation.h; sourceTree = "<group>"; };
		27AD8D261A0D14A5001A17E3 /* AFURLConnectionOperation.m */ = {isa = PBXFileReference; fileEncoding = 4; lastKnownFileType = sourcecode.c.objc; path = AFURLConnectionOperation.m; sourceTree = "<group>"; };
		27AD8D271A0D14A5001A17E3 /* AFURLRequestSerialization.h */ = {isa = PBXFileReference; fileEncoding = 4; lastKnownFileType = sourcecode.c.h; path = AFURLRequestSerialization.h; sourceTree = "<group>"; };
		27AD8D281A0D14A5001A17E3 /* AFURLRequestSerialization.m */ = {isa = PBXFileReference; fileEncoding = 4; lastKnownFileType = sourcecode.c.objc; path = AFURLRequestSerialization.m; sourceTree = "<group>"; };
		27AD8D291A0D14A5001A17E3 /* AFURLResponseSerialization.h */ = {isa = PBXFileReference; fileEncoding = 4; lastKnownFileType = sourcecode.c.h; path = AFURLResponseSerialization.h; sourceTree = "<group>"; };
		27AD8D2A1A0D14A5001A17E3 /* AFURLResponseSerialization.m */ = {isa = PBXFileReference; fileEncoding = 4; lastKnownFileType = sourcecode.c.objc; path = AFURLResponseSerialization.m; sourceTree = "<group>"; };
		27AD8D2B1A0D14A5001A17E3 /* AFURLSessionManager.h */ = {isa = PBXFileReference; fileEncoding = 4; lastKnownFileType = sourcecode.c.h; path = AFURLSessionManager.h; sourceTree = "<group>"; };
		27AD8D2C1A0D14A5001A17E3 /* AFURLSessionManager.m */ = {isa = PBXFileReference; fileEncoding = 4; lastKnownFileType = sourcecode.c.objc; path = AFURLSessionManager.m; sourceTree = "<group>"; };
		27AD8D3A1A0D2207001A17E3 /* ConnectionManager.h */ = {isa = PBXFileReference; lastKnownFileType = sourcecode.c.h; path = ConnectionManager.h; sourceTree = "<group>"; };
		27AE73CC1A0419ED009746CF /* NavigationViewController.h */ = {isa = PBXFileReference; fileEncoding = 4; lastKnownFileType = sourcecode.c.h; path = NavigationViewController.h; sourceTree = "<group>"; };
		27AE73CD1A0419ED009746CF /* NavigationViewController.m */ = {isa = PBXFileReference; fileEncoding = 4; lastKnownFileType = sourcecode.c.objc; path = NavigationViewController.m; sourceTree = "<group>"; };
		27AE73D11A044CF5009746CF /* ProfileViewController.h */ = {isa = PBXFileReference; fileEncoding = 4; lastKnownFileType = sourcecode.c.h; path = ProfileViewController.h; sourceTree = "<group>"; };
		27AE73D21A044CF5009746CF /* ProfileViewController.m */ = {isa = PBXFileReference; fileEncoding = 4; lastKnownFileType = sourcecode.c.objc; path = ProfileViewController.m; sourceTree = "<group>"; };
		27AE73D41A050FF4009746CF /* ProfileTableViewCell.h */ = {isa = PBXFileReference; fileEncoding = 4; lastKnownFileType = sourcecode.c.h; path = ProfileTableViewCell.h; sourceTree = "<group>"; };
		27AE73D51A050FF4009746CF /* ProfileTableViewCell.m */ = {isa = PBXFileReference; fileEncoding = 4; lastKnownFileType = sourcecode.c.objc; path = ProfileTableViewCell.m; sourceTree = "<group>"; };
		27AE73D91A0535BD009746CF /* RegisterEditProfileViewController.h */ = {isa = PBXFileReference; fileEncoding = 4; lastKnownFileType = sourcecode.c.h; path = RegisterEditProfileViewController.h; sourceTree = "<group>"; };
		27AE73DA1A0535BD009746CF /* RegisterEditProfileViewController.m */ = {isa = PBXFileReference; fileEncoding = 4; lastKnownFileType = sourcecode.c.objc; path = RegisterEditProfileViewController.m; sourceTree = "<group>"; };
		27AE73DC1A053BF9009746CF /* RegisterOrEditTableViewCell.h */ = {isa = PBXFileReference; fileEncoding = 4; lastKnownFileType = sourcecode.c.h; path = RegisterOrEditTableViewCell.h; sourceTree = "<group>"; };
		27AE73DD1A053BF9009746CF /* RegisterOrEditTableViewCell.m */ = {isa = PBXFileReference; fileEncoding = 4; lastKnownFileType = sourcecode.c.objc; path = RegisterOrEditTableViewCell.m; sourceTree = "<group>"; };
		27F6CB691A11886400A93B9A /* UserHistoryModel.h */ = {isa = PBXFileReference; fileEncoding = 4; lastKnownFileType = sourcecode.c.h; path = UserHistoryModel.h; sourceTree = "<group>"; };
		27F6CB6A1A11886400A93B9A /* UserHistoryModel.m */ = {isa = PBXFileReference; fileEncoding = 4; lastKnownFileType = sourcecode.c.objc; path = UserHistoryModel.m; sourceTree = "<group>"; };
/* End PBXFileReference section */

/* Begin PBXFrameworksBuildPhase section */
		270E6C5A19FAC685005994F9 /* Frameworks */ = {
			isa = PBXFrameworksBuildPhase;
			buildActionMask = 2147483647;
			files = (
				274ABE101A0ADA910079475B /* Crashlytics.framework in Frameworks */,
				27FE6A741A0C4ABD00F320DC /* Foundation.framework in Frameworks */,
				27FE6A751A0C4ABD00F320DC /* UIKit.framework in Frameworks */,
				270FFA0F1A26487B0006DD8E /* Fabric.framework in Frameworks */,
			);
			runOnlyForDeploymentPostprocessing = 0;
		};
		270E6C7319FAC685005994F9 /* Frameworks */ = {
			isa = PBXFrameworksBuildPhase;
			buildActionMask = 2147483647;
			files = (
			);
			runOnlyForDeploymentPostprocessing = 0;
		};
/* End PBXFrameworksBuildPhase section */

/* Begin PBXGroup section */
		270E6C5419FAC685005994F9 = {
			isa = PBXGroup;
			children = (
				270E6C8619FAE677005994F9 /* Default-568h@2x.png */,
				270E6C5F19FAC685005994F9 /* Dallas Suites */,
				270E6C7919FAC685005994F9 /* Dallas SuitesTests */,
				270E6C5E19FAC685005994F9 /* Products */,
			);
			sourceTree = "<group>";
		};
		270E6C5E19FAC685005994F9 /* Products */ = {
			isa = PBXGroup;
			children = (
				270E6C5D19FAC685005994F9 /* Dallas Suites.app */,
				270E6C7619FAC685005994F9 /* Dallas SuitesTests.xctest */,
			);
			name = Products;
			sourceTree = "<group>";
		};
		270E6C5F19FAC685005994F9 /* Dallas Suites */ = {
			isa = PBXGroup;
			children = (
				27201D481A0BF96400900E62 /* Models */,
				276E7A5A1A08300E00B72273 /* DatePicker */,
				27AE73D81A0535A4009746CF /* Register/Edit Profile */,
				2769801F19FF07A9009C5968 /* Custom Transitions Classes */,
				270E6C8919FAF062005994F9 /* Home/Service */,
				2769801319FEE997009C5968 /* Rooms */,
				2773080A1A0029D9000FC4B1 /* Restaurant/Menu */,
				27AE73D01A044C52009746CF /* Profile */,
				270E6C6A19FAC685005994F9 /* Main.storyboard */,
				270E6C6F19FAC685005994F9 /* LaunchScreen.xib */,
				270E6C6D19FAC685005994F9 /* Images.xcassets */,
				270E6C6019FAC685005994F9 /* Supporting Files */,
				27AE73CF1A041A3D009746CF /* NavigationController */,
				270E6C8819FAF050005994F9 /* Delegate */,
			);
			path = "Dallas Suites";
			sourceTree = "<group>";
		};
		270E6C6019FAC685005994F9 /* Supporting Files */ = {
			isa = PBXGroup;
			children = (
				270FFA0E1A26487B0006DD8E /* Fabric.framework */,
				27AD8D191A0D14A5001A17E3 /* AFNetworking */,
				2772B3721A0C4A78008FA875 /* Foundation.framework */,
				2772B3701A0C4A72008FA875 /* UIKit.framework */,
				274ABE0E1A0ADA840079475B /* Chrashlytics */,
				277307F11A00260D000FC4B1 /* Fonts */,
				270E6C6119FAC685005994F9 /* Info.plist */,
				270E6C6219FAC685005994F9 /* main.m */,
				271FADB21A1BD1E8004E0DDA /* systemCheck.h */,
			);
			name = "Supporting Files";
			sourceTree = "<group>";
		};
		270E6C7919FAC685005994F9 /* Dallas SuitesTests */ = {
			isa = PBXGroup;
			children = (
				270E6C7C19FAC685005994F9 /* Dallas_SuitesTests.m */,
				270E6C7A19FAC685005994F9 /* Supporting Files */,
			);
			path = "Dallas SuitesTests";
			sourceTree = "<group>";
		};
		270E6C7A19FAC685005994F9 /* Supporting Files */ = {
			isa = PBXGroup;
			children = (
				270E6C7B19FAC685005994F9 /* Info.plist */,
			);
			name = "Supporting Files";
			sourceTree = "<group>";
		};
		270E6C8819FAF050005994F9 /* Delegate */ = {
			isa = PBXGroup;
			children = (
				270E6C6419FAC685005994F9 /* AppDelegate.h */,
				270E6C6519FAC685005994F9 /* AppDelegate.m */,
			);
			name = Delegate;
			sourceTree = "<group>";
		};
		270E6C8919FAF062005994F9 /* Home/Service */ = {
			isa = PBXGroup;
			children = (
				270E6C6719FAC685005994F9 /* HomeAndServiceViewController.h */,
				270E6C6819FAC685005994F9 /* HomeAndServiceViewController.m */,
			);
			name = Home/Service;
			sourceTree = "<group>";
		};
		27201D481A0BF96400900E62 /* Models */ = {
			isa = PBXGroup;
			children = (
				27AD8D3A1A0D2207001A17E3 /* ConnectionManager.h */,
				27201D491A0BF97500900E62 /* UserModel.h */,
				27201D4A1A0BF97500900E62 /* UserModel.m */,
				27AD8D161A0CFD17001A17E3 /* RoomModel.h */,
				27AD8D171A0CFD17001A17E3 /* RoomModel.m */,
				27F6CB691A11886400A93B9A /* UserHistoryModel.h */,
				27F6CB6A1A11886400A93B9A /* UserHistoryModel.m */,
			);
			name = Models;
			sourceTree = "<group>";
		};
		274ABE0E1A0ADA840079475B /* Chrashlytics */ = {
			isa = PBXGroup;
			children = (
				274ABE0F1A0ADA910079475B /* Crashlytics.framework */,
			);
			name = Chrashlytics;
			sourceTree = "<group>";
		};
		2769801319FEE997009C5968 /* Rooms */ = {
			isa = PBXGroup;
			children = (
				2769801B19FF04F8009C5968 /* RoomDetailView */,
				2769801719FEEFB7009C5968 /* RoomsTableViewCell */,
				2769801419FEE9B3009C5968 /* RoomsViewController.h */,
				2769801519FEE9B3009C5968 /* RoomsViewController.m */,
			);
			name = Rooms;
			sourceTree = "<group>";
		};
		2769801719FEEFB7009C5968 /* RoomsTableViewCell */ = {
			isa = PBXGroup;
			children = (
				2769801819FEEFD1009C5968 /* RoomsTableViewCell.h */,
				2769801919FEEFD1009C5968 /* RoomsTableViewCell.m */,
			);
			name = RoomsTableViewCell;
			sourceTree = "<group>";
		};
		2769801B19FF04F8009C5968 /* RoomDetailView */ = {
			isa = PBXGroup;
			children = (
				2769801C19FF0510009C5968 /* RoomDetailViewController.h */,
				2769801D19FF0510009C5968 /* RoomDetailViewController.m */,
			);
			name = RoomDetailView;
			sourceTree = "<group>";
		};
		2769801F19FF07A9009C5968 /* Custom Transitions Classes */ = {
			isa = PBXGroup;
			children = (
				2769802019FF0B1A009C5968 /* ADVAnimationController.h */,
				2769802119FF0B1A009C5968 /* DropAnimationController.h */,
				2769802219FF0B1A009C5968 /* DropAnimationController.m */,
				2769802319FF0B1A009C5968 /* ZoomAnimationController.h */,
				2769802419FF0B1A009C5968 /* ZoomAnimationController.m */,
			);
			name = "Custom Transitions Classes";
			sourceTree = "<group>";
		};
		276E7A5A1A08300E00B72273 /* DatePicker */ = {
			isa = PBXGroup;
			children = (
				276E7A5B1A08301B00B72273 /* DatePicker.h */,
				276E7A5C1A08301B00B72273 /* DatePicker.m */,
			);
			name = DatePicker;
			sourceTree = "<group>";
		};
		277307F11A00260D000FC4B1 /* Fonts */ = {
			isa = PBXGroup;
			children = (
				277307F21A002623000FC4B1 /* Brandon_bld.otf */,
				277307F31A002623000FC4B1 /* Brandon_med_it.otf */,
				277307F41A002623000FC4B1 /* Brandon_thin.otf */,
				277307F51A002623000FC4B1 /* Brandon_light.otf */,
				277307F61A002623000FC4B1 /* Brandon_blk.otf */,
				277307F71A002623000FC4B1 /* Brandon_light_it.otf */,
				277307F81A002623000FC4B1 /* Brandon_med.otf */,
				277307F91A002623000FC4B1 /* Brandon_reg_it.otf */,
				277307FA1A002623000FC4B1 /* Brandon_reg.otf */,
				277307FB1A002623000FC4B1 /* Brandon_thin_it.otf */,
				277307FC1A002623000FC4B1 /* Brandon_bld_it.otf */,
				277307FD1A002623000FC4B1 /* Brandon_blk_it.otf */,
			);
			name = Fonts;
			sourceTree = "<group>";
		};
		2773080A1A0029D9000FC4B1 /* Restaurant/Menu */ = {
			isa = PBXGroup;
			children = (
				277308121A004251000FC4B1 /* MenuTableViewCell */,
				2773080E1A002F77000FC4B1 /* RestaurantTableViewCell */,
				2773080B1A0029E9000FC4B1 /* RestaurantViewController.h */,
				2773080C1A0029E9000FC4B1 /* RestaurantViewController.m */,
			);
			name = Restaurant/Menu;
			sourceTree = "<group>";
		};
		2773080E1A002F77000FC4B1 /* RestaurantTableViewCell */ = {
			isa = PBXGroup;
			children = (
				2773080F1A002F91000FC4B1 /* RestaurantTableViewCell.h */,
				277308101A002F91000FC4B1 /* RestaurantTableViewCell.m */,
			);
			name = RestaurantTableViewCell;
			sourceTree = "<group>";
		};
		277308121A004251000FC4B1 /* MenuTableViewCell */ = {
			isa = PBXGroup;
			children = (
				277308131A00425F000FC4B1 /* MenuTableViewCell.h */,
				277308141A00425F000FC4B1 /* MenuTableViewCell.m */,
			);
			name = MenuTableViewCell;
			sourceTree = "<group>";
		};
		27AD8D191A0D14A5001A17E3 /* AFNetworking */ = {
			isa = PBXGroup;
			children = (
				27AD8D1A1A0D14A5001A17E3 /* AFHTTPRequestOperation.h */,
				27AD8D1B1A0D14A5001A17E3 /* AFHTTPRequestOperation.m */,
				27AD8D1C1A0D14A5001A17E3 /* AFHTTPRequestOperationManager.h */,
				27AD8D1D1A0D14A5001A17E3 /* AFHTTPRequestOperationManager.m */,
				27AD8D1E1A0D14A5001A17E3 /* AFHTTPSessionManager.h */,
				27AD8D1F1A0D14A5001A17E3 /* AFHTTPSessionManager.m */,
				27AD8D201A0D14A5001A17E3 /* AFNetworking.h */,
				27AD8D211A0D14A5001A17E3 /* AFNetworkReachabilityManager.h */,
				27AD8D221A0D14A5001A17E3 /* AFNetworkReachabilityManager.m */,
				27AD8D231A0D14A5001A17E3 /* AFSecurityPolicy.h */,
				27AD8D241A0D14A5001A17E3 /* AFSecurityPolicy.m */,
				27AD8D251A0D14A5001A17E3 /* AFURLConnectionOperation.h */,
				27AD8D261A0D14A5001A17E3 /* AFURLConnectionOperation.m */,
				27AD8D271A0D14A5001A17E3 /* AFURLRequestSerialization.h */,
				27AD8D281A0D14A5001A17E3 /* AFURLRequestSerialization.m */,
				27AD8D291A0D14A5001A17E3 /* AFURLResponseSerialization.h */,
				27AD8D2A1A0D14A5001A17E3 /* AFURLResponseSerialization.m */,
				27AD8D2B1A0D14A5001A17E3 /* AFURLSessionManager.h */,
				27AD8D2C1A0D14A5001A17E3 /* AFURLSessionManager.m */,
			);
			path = AFNetworking;
			sourceTree = "<group>";
		};
		27AE73CF1A041A3D009746CF /* NavigationController */ = {
			isa = PBXGroup;
			children = (
				27AE73CC1A0419ED009746CF /* NavigationViewController.h */,
				27AE73CD1A0419ED009746CF /* NavigationViewController.m */,
			);
			name = NavigationController;
			sourceTree = "<group>";
		};
		27AE73D01A044C52009746CF /* Profile */ = {
			isa = PBXGroup;
			children = (
				27AE73D71A050FF9009746CF /* ProfileTableViewCell */,
				27AE73D11A044CF5009746CF /* ProfileViewController.h */,
				27AE73D21A044CF5009746CF /* ProfileViewController.m */,
			);
			name = Profile;
			sourceTree = "<group>";
		};
		27AE73D71A050FF9009746CF /* ProfileTableViewCell */ = {
			isa = PBXGroup;
			children = (
				27AE73D41A050FF4009746CF /* ProfileTableViewCell.h */,
				27AE73D51A050FF4009746CF /* ProfileTableViewCell.m */,
			);
			name = ProfileTableViewCell;
			sourceTree = "<group>";
		};
		27AE73D81A0535A4009746CF /* Register/Edit Profile */ = {
			isa = PBXGroup;
			children = (
				27AE73DF1A053BFC009746CF /* RegisterOrEditTableViewCells */,
				27AE73D91A0535BD009746CF /* RegisterEditProfileViewController.h */,
				27AE73DA1A0535BD009746CF /* RegisterEditProfileViewController.m */,
			);
			name = "Register/Edit Profile";
			sourceTree = "<group>";
		};
		27AE73DF1A053BFC009746CF /* RegisterOrEditTableViewCells */ = {
			isa = PBXGroup;
			children = (
				27AE73DC1A053BF9009746CF /* RegisterOrEditTableViewCell.h */,
				27AE73DD1A053BF9009746CF /* RegisterOrEditTableViewCell.m */,
				2735BFF11A07D65C001BFB8A /* RegisterEditActionTableViewCell.h */,
				2735BFF21A07D65C001BFB8A /* RegisterEditActionTableViewCell.m */,
			);
			name = RegisterOrEditTableViewCells;
			sourceTree = "<group>";
		};
/* End PBXGroup section */

/* Begin PBXNativeTarget section */
		270E6C5C19FAC685005994F9 /* Dallas Suites */ = {
			isa = PBXNativeTarget;
			buildConfigurationList = 270E6C8019FAC685005994F9 /* Build configuration list for PBXNativeTarget "Dallas Suites" */;
			buildPhases = (
				270E6C5919FAC685005994F9 /* Sources */,
				270E6C5A19FAC685005994F9 /* Frameworks */,
				270E6C5B19FAC685005994F9 /* Resources */,
				274ABE0D1A0ADA5A0079475B /* Run Script */,
			);
			buildRules = (
			);
			dependencies = (
			);
			name = "Dallas Suites";
			productName = "Dallas Suites";
			productReference = 270E6C5D19FAC685005994F9 /* Dallas Suites.app */;
			productType = "com.apple.product-type.application";
		};
		270E6C7519FAC685005994F9 /* Dallas SuitesTests */ = {
			isa = PBXNativeTarget;
			buildConfigurationList = 270E6C8319FAC685005994F9 /* Build configuration list for PBXNativeTarget "Dallas SuitesTests" */;
			buildPhases = (
				270E6C7219FAC685005994F9 /* Sources */,
				270E6C7319FAC685005994F9 /* Frameworks */,
				270E6C7419FAC685005994F9 /* Resources */,
			);
			buildRules = (
			);
			dependencies = (
				270E6C7819FAC685005994F9 /* PBXTargetDependency */,
			);
			name = "Dallas SuitesTests";
			productName = "Dallas SuitesTests";
			productReference = 270E6C7619FAC685005994F9 /* Dallas SuitesTests.xctest */;
			productType = "com.apple.product-type.bundle.unit-test";
		};
/* End PBXNativeTarget section */

/* Begin PBXProject section */
		270E6C5519FAC685005994F9 /* Project object */ = {
			isa = PBXProject;
			attributes = {
				LastUpgradeCheck = 0610;
				ORGANIZATIONNAME = "ICO Group";
				TargetAttributes = {
					270E6C5C19FAC685005994F9 = {
						CreatedOnToolsVersion = 6.1;
						DevelopmentTeam = 986NUB85RL;
					};
					270E6C7519FAC685005994F9 = {
						CreatedOnToolsVersion = 6.1;
						TestTargetID = 270E6C5C19FAC685005994F9;
					};
				};
			};
			buildConfigurationList = 270E6C5819FAC685005994F9 /* Build configuration list for PBXProject "Dallas Suites" */;
			compatibilityVersion = "Xcode 3.2";
			developmentRegion = English;
			hasScannedForEncodings = 0;
			knownRegions = (
				en,
				Base,
			);
			mainGroup = 270E6C5419FAC685005994F9;
			productRefGroup = 270E6C5E19FAC685005994F9 /* Products */;
			projectDirPath = "";
			projectRoot = "";
			targets = (
				270E6C5C19FAC685005994F9 /* Dallas Suites */,
				270E6C7519FAC685005994F9 /* Dallas SuitesTests */,
			);
		};
/* End PBXProject section */

/* Begin PBXResourcesBuildPhase section */
		270E6C5B19FAC685005994F9 /* Resources */ = {
			isa = PBXResourcesBuildPhase;
			buildActionMask = 2147483647;
			files = (
				270E6C6C19FAC685005994F9 /* Main.storyboard in Resources */,
				277308091A002623000FC4B1 /* Brandon_blk_it.otf in Resources */,
				270E6C8719FAE677005994F9 /* Default-568h@2x.png in Resources */,
				277308051A002623000FC4B1 /* Brandon_reg_it.otf in Resources */,
				277308021A002623000FC4B1 /* Brandon_blk.otf in Resources */,
				277308001A002623000FC4B1 /* Brandon_thin.otf in Resources */,
				277308061A002623000FC4B1 /* Brandon_reg.otf in Resources */,
				277308071A002623000FC4B1 /* Brandon_thin_it.otf in Resources */,
				277308011A002623000FC4B1 /* Brandon_light.otf in Resources */,
				277307FE1A002623000FC4B1 /* Brandon_bld.otf in Resources */,
				277308081A002623000FC4B1 /* Brandon_bld_it.otf in Resources */,
				277308031A002623000FC4B1 /* Brandon_light_it.otf in Resources */,
				270E6C7119FAC685005994F9 /* LaunchScreen.xib in Resources */,
				277307FF1A002623000FC4B1 /* Brandon_med_it.otf in Resources */,
				277308041A002623000FC4B1 /* Brandon_med.otf in Resources */,
				270E6C6E19FAC685005994F9 /* Images.xcassets in Resources */,
			);
			runOnlyForDeploymentPostprocessing = 0;
		};
		270E6C7419FAC685005994F9 /* Resources */ = {
			isa = PBXResourcesBuildPhase;
			buildActionMask = 2147483647;
			files = (
			);
			runOnlyForDeploymentPostprocessing = 0;
		};
/* End PBXResourcesBuildPhase section */

/* Begin PBXShellScriptBuildPhase section */
		274ABE0D1A0ADA5A0079475B /* Run Script */ = {
			isa = PBXShellScriptBuildPhase;
			buildActionMask = 2147483647;
			files = (
			);
			inputPaths = (
			);
			name = "Run Script";
			outputPaths = (
			);
			runOnlyForDeploymentPostprocessing = 0;
			shellPath = /bin/sh;
			shellScript = "./Fabric.framework/run 066ba67f08cc916150aa7135b5b6768c160228c3 dd2e67a64876ad23608b46df9dda6d1ace5fa10f82442150ebdb743b6df4ca6b";
		};
/* End PBXShellScriptBuildPhase section */

/* Begin PBXSourcesBuildPhase section */
		270E6C5919FAC685005994F9 /* Sources */ = {
			isa = PBXSourcesBuildPhase;
			buildActionMask = 2147483647;
			files = (
				27AD8D331A0D14A5001A17E3 /* AFURLRequestSerialization.m in Sources */,
				27AD8D321A0D14A5001A17E3 /* AFURLConnectionOperation.m in Sources */,
				2769801A19FEEFD1009C5968 /* RoomsTableViewCell.m in Sources */,
				270E6C6919FAC685005994F9 /* HomeAndServiceViewController.m in Sources */,
				2769801E19FF0510009C5968 /* RoomDetailViewController.m in Sources */,
				27AD8D351A0D14A5001A17E3 /* AFURLSessionManager.m in Sources */,
				276E7A5D1A08301B00B72273 /* DatePicker.m in Sources */,
				2773080D1A0029E9000FC4B1 /* RestaurantViewController.m in Sources */,
				270E6C6619FAC685005994F9 /* AppDelegate.m in Sources */,
				27AD8D311A0D14A5001A17E3 /* AFSecurityPolicy.m in Sources */,
				27AD8D2D1A0D14A5001A17E3 /* AFHTTPRequestOperation.m in Sources */,
				270E6C6319FAC685005994F9 /* main.m in Sources */,
				2769802619FF0B1A009C5968 /* ZoomAnimationController.m in Sources */,
				27AD8D181A0CFD17001A17E3 /* RoomModel.m in Sources */,
				27AE73DE1A053BF9009746CF /* RegisterOrEditTableViewCell.m in Sources */,
				277308151A00425F000FC4B1 /* MenuTableViewCell.m in Sources */,
				27AE73CE1A0419ED009746CF /* NavigationViewController.m in Sources */,
				27AD8D2F1A0D14A5001A17E3 /* AFHTTPSessionManager.m in Sources */,
				27AE73D61A050FF4009746CF /* ProfileTableViewCell.m in Sources */,
				27AE73DB1A0535BD009746CF /* RegisterEditProfileViewController.m in Sources */,
				27AE73D31A044CF5009746CF /* ProfileViewController.m in Sources */,
				27AD8D2E1A0D14A5001A17E3 /* AFHTTPRequestOperationManager.m in Sources */,
				2769801619FEE9B3009C5968 /* RoomsViewController.m in Sources */,
				2735BFF31A07D65C001BFB8A /* RegisterEditActionTableViewCell.m in Sources */,
				27201D4B1A0BF97500900E62 /* UserModel.m in Sources */,
				277308111A002F91000FC4B1 /* RestaurantTableViewCell.m in Sources */,
				27AD8D301A0D14A5001A17E3 /* AFNetworkReachabilityManager.m in Sources */,
				27AD8D341A0D14A5001A17E3 /* AFURLResponseSerialization.m in Sources */,
				2769802519FF0B1A009C5968 /* DropAnimationController.m in Sources */,
				27F6CB6B1A11886400A93B9A /* UserHistoryModel.m in Sources */,
			);
			runOnlyForDeploymentPostprocessing = 0;
		};
		270E6C7219FAC685005994F9 /* Sources */ = {
			isa = PBXSourcesBuildPhase;
			buildActionMask = 2147483647;
			files = (
				270E6C7D19FAC685005994F9 /* Dallas_SuitesTests.m in Sources */,
			);
			runOnlyForDeploymentPostprocessing = 0;
		};
/* End PBXSourcesBuildPhase section */

/* Begin PBXTargetDependency section */
		270E6C7819FAC685005994F9 /* PBXTargetDependency */ = {
			isa = PBXTargetDependency;
			target = 270E6C5C19FAC685005994F9 /* Dallas Suites */;
			targetProxy = 270E6C7719FAC685005994F9 /* PBXContainerItemProxy */;
		};
/* End PBXTargetDependency section */

/* Begin PBXVariantGroup section */
		270E6C6A19FAC685005994F9 /* Main.storyboard */ = {
			isa = PBXVariantGroup;
			children = (
				270E6C6B19FAC685005994F9 /* Base */,
			);
			name = Main.storyboard;
			sourceTree = "<group>";
		};
		270E6C6F19FAC685005994F9 /* LaunchScreen.xib */ = {
			isa = PBXVariantGroup;
			children = (
				270E6C7019FAC685005994F9 /* Base */,
			);
			name = LaunchScreen.xib;
			sourceTree = "<group>";
		};
/* End PBXVariantGroup section */

/* Begin XCBuildConfiguration section */
		270E6C7E19FAC685005994F9 /* Debug */ = {
			isa = XCBuildConfiguration;
			buildSettings = {
				ALWAYS_SEARCH_USER_PATHS = YES;
				CLANG_CXX_LANGUAGE_STANDARD = "gnu++0x";
				CLANG_CXX_LIBRARY = "libc++";
				CLANG_ENABLE_MODULES = YES;
				CLANG_ENABLE_OBJC_ARC = YES;
				CLANG_WARN_BOOL_CONVERSION = YES;
				CLANG_WARN_CONSTANT_CONVERSION = YES;
				CLANG_WARN_DIRECT_OBJC_ISA_USAGE = YES_ERROR;
				CLANG_WARN_EMPTY_BODY = YES;
				CLANG_WARN_ENUM_CONVERSION = YES;
				CLANG_WARN_INT_CONVERSION = YES;
				CLANG_WARN_OBJC_ROOT_CLASS = YES_ERROR;
				CLANG_WARN_UNREACHABLE_CODE = YES;
				CLANG_WARN__DUPLICATE_METHOD_MATCH = YES;
				"CODE_SIGN_IDENTITY[sdk=iphoneos*]" = "iPhone Developer";
				COPY_PHASE_STRIP = NO;
				ENABLE_STRICT_OBJC_MSGSEND = YES;
				GCC_C_LANGUAGE_STANDARD = gnu99;
				GCC_DYNAMIC_NO_PIC = NO;
				GCC_OPTIMIZATION_LEVEL = 0;
				GCC_PREPROCESSOR_DEFINITIONS = (
					"DEBUG=1",
					"$(inherited)",
				);
				GCC_SYMBOLS_PRIVATE_EXTERN = NO;
				GCC_WARN_64_TO_32_BIT_CONVERSION = YES;
				GCC_WARN_ABOUT_RETURN_TYPE = YES_ERROR;
				GCC_WARN_UNDECLARED_SELECTOR = YES;
				GCC_WARN_UNINITIALIZED_AUTOS = YES_AGGRESSIVE;
				GCC_WARN_UNUSED_FUNCTION = YES;
				GCC_WARN_UNUSED_VARIABLE = YES;
				IPHONEOS_DEPLOYMENT_TARGET = 8.1;
				MTL_ENABLE_DEBUG_INFO = YES;
				ONLY_ACTIVE_ARCH = YES;
				SDKROOT = iphoneos;
			};
			name = Debug;
		};
		270E6C7F19FAC685005994F9 /* Release */ = {
			isa = XCBuildConfiguration;
			buildSettings = {
				ALWAYS_SEARCH_USER_PATHS = YES;
				CLANG_CXX_LANGUAGE_STANDARD = "gnu++0x";
				CLANG_CXX_LIBRARY = "libc++";
				CLANG_ENABLE_MODULES = YES;
				CLANG_ENABLE_OBJC_ARC = YES;
				CLANG_WARN_BOOL_CONVERSION = YES;
				CLANG_WARN_CONSTANT_CONVERSION = YES;
				CLANG_WARN_DIRECT_OBJC_ISA_USAGE = YES_ERROR;
				CLANG_WARN_EMPTY_BODY = YES;
				CLANG_WARN_ENUM_CONVERSION = YES;
				CLANG_WARN_INT_CONVERSION = YES;
				CLANG_WARN_OBJC_ROOT_CLASS = YES_ERROR;
				CLANG_WARN_UNREACHABLE_CODE = YES;
				CLANG_WARN__DUPLICATE_METHOD_MATCH = YES;
				"CODE_SIGN_IDENTITY[sdk=iphoneos*]" = "iPhone Developer";
				COPY_PHASE_STRIP = YES;
				ENABLE_NS_ASSERTIONS = NO;
				ENABLE_STRICT_OBJC_MSGSEND = YES;
				GCC_C_LANGUAGE_STANDARD = gnu99;
				GCC_WARN_64_TO_32_BIT_CONVERSION = YES;
				GCC_WARN_ABOUT_RETURN_TYPE = YES_ERROR;
				GCC_WARN_UNDECLARED_SELECTOR = YES;
				GCC_WARN_UNINITIALIZED_AUTOS = YES_AGGRESSIVE;
				GCC_WARN_UNUSED_FUNCTION = YES;
				GCC_WARN_UNUSED_VARIABLE = YES;
				IPHONEOS_DEPLOYMENT_TARGET = 8.1;
				MTL_ENABLE_DEBUG_INFO = NO;
				SDKROOT = iphoneos;
				VALIDATE_PRODUCT = YES;
			};
			name = Release;
		};
		270E6C8119FAC685005994F9 /* Debug */ = {
			isa = XCBuildConfiguration;
			buildSettings = {
				ASSETCATALOG_COMPILER_APPICON_NAME = AppIcon;
				CODE_SIGN_IDENTITY = "iPhone Developer";
				"CODE_SIGN_IDENTITY[sdk=iphoneos*]" = "iPhone Developer";
				FRAMEWORK_SEARCH_PATHS = (
					"$(inherited)",
					"./**",
					"$(PROJECT_DIR)",
				);
				INFOPLIST_FILE = "Dallas Suites/Info.plist";
				IPHONEOS_DEPLOYMENT_TARGET = 7.0;
				LD_RUNPATH_SEARCH_PATHS = "$(inherited) @executable_path/Frameworks";
				PRODUCT_NAME = "$(TARGET_NAME)";
				PROVISIONING_PROFILE = "";
			};
			name = Debug;
		};
		270E6C8219FAC685005994F9 /* Release */ = {
			isa = XCBuildConfiguration;
			buildSettings = {
				ASSETCATALOG_COMPILER_APPICON_NAME = AppIcon;
				CODE_SIGN_IDENTITY = "iPhone Developer";
				"CODE_SIGN_IDENTITY[sdk=iphoneos*]" = "iPhone Developer";
				FRAMEWORK_SEARCH_PATHS = (
					"$(inherited)",
					"./**",
					"$(PROJECT_DIR)",
				);
				INFOPLIST_FILE = "Dallas Suites/Info.plist";
				IPHONEOS_DEPLOYMENT_TARGET = 7.0;
				LD_RUNPATH_SEARCH_PATHS = "$(inherited) @executable_path/Frameworks";
				PRODUCT_NAME = "$(TARGET_NAME)";
				PROVISIONING_PROFILE = "";
			};
			name = Release;
		};
		270E6C8419FAC685005994F9 /* Debug */ = {
			isa = XCBuildConfiguration;
			buildSettings = {
				BUNDLE_LOADER = "$(TEST_HOST)";
				FRAMEWORK_SEARCH_PATHS = (
					"$(SDKROOT)/Developer/Library/Frameworks",
					"$(inherited)",
				);
				GCC_PREPROCESSOR_DEFINITIONS = (
					"DEBUG=1",
					"$(inherited)",
				);
				INFOPLIST_FILE = "Dallas SuitesTests/Info.plist";
				LD_RUNPATH_SEARCH_PATHS = "$(inherited) @executable_path/Frameworks @loader_path/Frameworks";
				PRODUCT_NAME = "$(TARGET_NAME)";
				TEST_HOST = "$(BUILT_PRODUCTS_DIR)/Dallas Suites.app/Dallas Suites";
			};
			name = Debug;
		};
		270E6C8519FAC685005994F9 /* Release */ = {
			isa = XCBuildConfiguration;
			buildSettings = {
				BUNDLE_LOADER = "$(TEST_HOST)";
				FRAMEWORK_SEARCH_PATHS = (
					"$(SDKROOT)/Developer/Library/Frameworks",
					"$(inherited)",
				);
				INFOPLIST_FILE = "Dallas SuitesTests/Info.plist";
				LD_RUNPATH_SEARCH_PATHS = "$(inherited) @executable_path/Frameworks @loader_path/Frameworks";
				PRODUCT_NAME = "$(TARGET_NAME)";
				TEST_HOST = "$(BUILT_PRODUCTS_DIR)/Dallas Suites.app/Dallas Suites";
			};
			name = Release;
		};
/* End XCBuildConfiguration section */

/* Begin XCConfigurationList section */
		270E6C5819FAC685005994F9 /* Build configuration list for PBXProject "Dallas Suites" */ = {
			isa = XCConfigurationList;
			buildConfigurations = (
				270E6C7E19FAC685005994F9 /* Debug */,
				270E6C7F19FAC685005994F9 /* Release */,
			);
			defaultConfigurationIsVisible = 0;
			defaultConfigurationName = Release;
		};
		270E6C8019FAC685005994F9 /* Build configuration list for PBXNativeTarget "Dallas Suites" */ = {
			isa = XCConfigurationList;
			buildConfigurations = (
				270E6C8119FAC685005994F9 /* Debug */,
				270E6C8219FAC685005994F9 /* Release */,
			);
			defaultConfigurationIsVisible = 0;
			defaultConfigurationName = Release;
		};
		270E6C8319FAC685005994F9 /* Build configuration list for PBXNativeTarget "Dallas SuitesTests" */ = {
			isa = XCConfigurationList;
			buildConfigurations = (
				270E6C8419FAC685005994F9 /* Debug */,
				270E6C8519FAC685005994F9 /* Release */,
			);
			defaultConfigurationIsVisible = 0;
			defaultConfigurationName = Release;
		};
/* End XCConfigurationList section */
	};
	rootObject = 270E6C5519FAC685005994F9 /* Project object */;
}
